// !$*UTF8*$!
{
	archiveVersion = 1;
	classes = {
	};
	objectVersion = 56;
	objects = {

/* Begin PBXBuildFile section */
		FEF2EC032DC2DBF2005CC1D4 /* AppDelegate.swift in Sources */ = {isa = PBXBuildFile; fileRef = FEF2EC022DC2DBF2005CC1D4 /* AppDelegate.swift */; };
		FEF2EC052DC2DBF2005CC1D4 /* SceneDelegate.swift in Sources */ = {isa = PBXBuildFile; fileRef = FEF2EC042DC2DBF2005CC1D4 /* SceneDelegate.swift */; };
		FEF2EC072DC2DBF2005CC1D4 /* ViewController.swift in Sources */ = {isa = PBXBuildFile; fileRef = FEF2EC062DC2DBF2005CC1D4 /* ViewController.swift */; };
		FEF2EC0A2DC2DBF2005CC1D4 /* Base in Resources */ = {isa = PBXBuildFile; fileRef = FEF2EC092DC2DBF2005CC1D4 /* Base */; };
		FEF2EC0C2DC2DBF4005CC1D4 /* Assets.xcassets in Resources */ = {isa = PBXBuildFile; fileRef = FEF2EC0B2DC2DBF4005CC1D4 /* Assets.xcassets */; };
		FEF2EC0F2DC2DBF4005CC1D4 /* Base in Resources */ = {isa = PBXBuildFile; fileRef = FEF2EC0E2DC2DBF4005CC1D4 /* Base */; };
		FEF2EC1A2DC2DBF4005CC1D4 /* YoloMobileTests.swift in Sources */ = {isa = PBXBuildFile; fileRef = FEF2EC192DC2DBF4005CC1D4 /* YoloMobileTests.swift */; };
		FEF2EC242DC2DBF4005CC1D4 /* YoloMobileUITests.swift in Sources */ = {isa = PBXBuildFile; fileRef = FEF2EC232DC2DBF4005CC1D4 /* YoloMobileUITests.swift */; };
		FEF2EC262DC2DBF4005CC1D4 /* YoloMobileUITestsLaunchTests.swift in Sources */ = {isa = PBXBuildFile; fileRef = FEF2EC252DC2DBF4005CC1D4 /* YoloMobileUITestsLaunchTests.swift */; };
/* End PBXBuildFile section */

/* Begin PBXContainerItemProxy section */
		FEF2EC162DC2DBF4005CC1D4 /* PBXContainerItemProxy */ = {
			isa = PBXContainerItemProxy;
			containerPortal = FEF2EBF72DC2DBF2005CC1D4 /* Project object */;
			proxyType = 1;
			remoteGlobalIDString = FEF2EBFE2DC2DBF2005CC1D4;
			remoteInfo = YoloMobile;
		};
		FEF2EC202DC2DBF4005CC1D4 /* PBXContainerItemProxy */ = {
			isa = PBXContainerItemProxy;
			containerPortal = FEF2EBF72DC2DBF2005CC1D4 /* Project object */;
			proxyType = 1;
			remoteGlobalIDString = FEF2EBFE2DC2DBF2005CC1D4;
			remoteInfo = YoloMobile;
		};
/* End PBXContainerItemProxy section */

/* Begin PBXFileReference section */
		FEF2EBFF2DC2DBF2005CC1D4 /* YoloMobile.app */ = {isa = PBXFileReference; explicitFileType = wrapper.application; includeInIndex = 0; path = YoloMobile.app; sourceTree = BUILT_PRODUCTS_DIR; };
		FEF2EC022DC2DBF2005CC1D4 /* AppDelegate.swift */ = {isa = PBXFileReference; lastKnownFileType = sourcecode.swift; path = AppDelegate.swift; sourceTree = "<group>"; };
		FEF2EC042DC2DBF2005CC1D4 /* SceneDelegate.swift */ = {isa = PBXFileReference; lastKnownFileType = sourcecode.swift; path = SceneDelegate.swift; sourceTree = "<group>"; };
		FEF2EC062DC2DBF2005CC1D4 /* ViewController.swift */ = {isa = PBXFileReference; lastKnownFileType = sourcecode.swift; path = ViewController.swift; sourceTree = "<group>"; };
		FEF2EC092DC2DBF2005CC1D4 /* Base */ = {isa = PBXFileReference; lastKnownFileType = file.storyboard; name = Base; path = Base.lproj/Main.storyboard; sourceTree = "<group>"; };
		FEF2EC0B2DC2DBF4005CC1D4 /* Assets.xcassets */ = {isa = PBXFileReference; lastKnownFileType = folder.assetcatalog; path = Assets.xcassets; sourceTree = "<group>"; };
		FEF2EC0E2DC2DBF4005CC1D4 /* Base */ = {isa = PBXFileReference; lastKnownFileType = file.storyboard; name = Base; path = Base.lproj/LaunchScreen.storyboard; sourceTree = "<group>"; };
		FEF2EC102DC2DBF4005CC1D4 /* Info.plist */ = {isa = PBXFileReference; lastKnownFileType = text.plist.xml; path = Info.plist; sourceTree = "<group>"; };
		FEF2EC152DC2DBF4005CC1D4 /* YoloMobileTests.xctest */ = {isa = PBXFileReference; explicitFileType = wrapper.cfbundle; includeInIndex = 0; path = YoloMobileTests.xctest; sourceTree = BUILT_PRODUCTS_DIR; };
		FEF2EC192DC2DBF4005CC1D4 /* YoloMobileTests.swift */ = {isa = PBXFileReference; lastKnownFileType = sourcecode.swift; path = YoloMobileTests.swift; sourceTree = "<group>"; };
		FEF2EC1F2DC2DBF4005CC1D4 /* YoloMobileUITests.xctest */ = {isa = PBXFileReference; explicitFileType = wrapper.cfbundle; includeInIndex = 0; path = YoloMobileUITests.xctest; sourceTree = BUILT_PRODUCTS_DIR; };
		FEF2EC232DC2DBF4005CC1D4 /* YoloMobileUITests.swift */ = {isa = PBXFileReference; lastKnownFileType = sourcecode.swift; path = YoloMobileUITests.swift; sourceTree = "<group>"; };
		FEF2EC252DC2DBF4005CC1D4 /* YoloMobileUITestsLaunchTests.swift */ = {isa = PBXFileReference; lastKnownFileType = sourcecode.swift; path = YoloMobileUITestsLaunchTests.swift; sourceTree = "<group>"; };
/* End PBXFileReference section */

/* Begin PBXFrameworksBuildPhase section */
		FEF2EBFC2DC2DBF2005CC1D4 /* Frameworks */ = {
			isa = PBXFrameworksBuildPhase;
			buildActionMask = 2147483647;
			files = (
			);
			runOnlyForDeploymentPostprocessing = 0;
		};
		FEF2EC122DC2DBF4005CC1D4 /* Frameworks */ = {
			isa = PBXFrameworksBuildPhase;
			buildActionMask = 2147483647;
			files = (
			);
			runOnlyForDeploymentPostprocessing = 0;
		};
		FEF2EC1C2DC2DBF4005CC1D4 /* Frameworks */ = {
			isa = PBXFrameworksBuildPhase;
			buildActionMask = 2147483647;
			files = (
			);
			runOnlyForDeploymentPostprocessing = 0;
		};
/* End PBXFrameworksBuildPhase section */

/* Begin PBXGroup section */
		FEF2EBF62DC2DBF2005CC1D4 = {
			isa = PBXGroup;
			children = (
				FEF2EC012DC2DBF2005CC1D4 /* YoloMobile */,
				FEF2EC182DC2DBF4005CC1D4 /* YoloMobileTests */,
				FEF2EC222DC2DBF4005CC1D4 /* YoloMobileUITests */,
				FEF2EC002DC2DBF2005CC1D4 /* Products */,
			);
			sourceTree = "<group>";
		};
		FEF2EC002DC2DBF2005CC1D4 /* Products */ = {
			isa = PBXGroup;
			children = (
				FEF2EBFF2DC2DBF2005CC1D4 /* YoloMobile.app */,
				FEF2EC152DC2DBF4005CC1D4 /* YoloMobileTests.xctest */,
				FEF2EC1F2DC2DBF4005CC1D4 /* YoloMobileUITests.xctest */,
			);
			name = Products;
			sourceTree = "<group>";
		};
		FEF2EC012DC2DBF2005CC1D4 /* YoloMobile */ = {
			isa = PBXGroup;
			children = (
				FEF2EC022DC2DBF2005CC1D4 /* AppDelegate.swift */,
				FEF2EC042DC2DBF2005CC1D4 /* SceneDelegate.swift */,
				FEF2EC062DC2DBF2005CC1D4 /* ViewController.swift */,
				FEF2EC082DC2DBF2005CC1D4 /* Main.storyboard */,
				FEF2EC0B2DC2DBF4005CC1D4 /* Assets.xcassets */,
				FEF2EC0D2DC2DBF4005CC1D4 /* LaunchScreen.storyboard */,
				FEF2EC102DC2DBF4005CC1D4 /* Info.plist */,
			);
			path = YoloMobile;
			sourceTree = "<group>";
		};
		FEF2EC182DC2DBF4005CC1D4 /* YoloMobileTests */ = {
			isa = PBXGroup;
			children = (
				FEF2EC192DC2DBF4005CC1D4 /* YoloMobileTests.swift */,
			);
			path = YoloMobileTests;
			sourceTree = "<group>";
		};
		FEF2EC222DC2DBF4005CC1D4 /* YoloMobileUITests */ = {
			isa = PBXGroup;
			children = (
				FEF2EC232DC2DBF4005CC1D4 /* YoloMobileUITests.swift */,
				FEF2EC252DC2DBF4005CC1D4 /* YoloMobileUITestsLaunchTests.swift */,
			);
			path = YoloMobileUITests;
			sourceTree = "<group>";
		};
/* End PBXGroup section */

/* Begin PBXNativeTarget section */
		FEF2EBFE2DC2DBF2005CC1D4 /* YoloMobile */ = {
			isa = PBXNativeTarget;
			buildConfigurationList = FEF2EC292DC2DBF4005CC1D4 /* Build configuration list for PBXNativeTarget "YoloMobile" */;
			buildPhases = (
				FEF2EBFB2DC2DBF2005CC1D4 /* Sources */,
				FEF2EBFC2DC2DBF2005CC1D4 /* Frameworks */,
				FEF2EBFD2DC2DBF2005CC1D4 /* Resources */,
			);
			buildRules = (
			);
			dependencies = (
			);
			name = YoloMobile;
			productName = YoloMobile;
			productReference = FEF2EBFF2DC2DBF2005CC1D4 /* YoloMobile.app */;
			productType = "com.apple.product-type.application";
		};
		FEF2EC142DC2DBF4005CC1D4 /* YoloMobileTests */ = {
			isa = PBXNativeTarget;
			buildConfigurationList = FEF2EC2C2DC2DBF4005CC1D4 /* Build configuration list for PBXNativeTarget "YoloMobileTests" */;
			buildPhases = (
				FEF2EC112DC2DBF4005CC1D4 /* Sources */,
				FEF2EC122DC2DBF4005CC1D4 /* Frameworks */,
				FEF2EC132DC2DBF4005CC1D4 /* Resources */,
			);
			buildRules = (
			);
			dependencies = (
				FEF2EC172DC2DBF4005CC1D4 /* PBXTargetDependency */,
			);
			name = YoloMobileTests;
			productName = YoloMobileTests;
			productReference = FEF2EC152DC2DBF4005CC1D4 /* YoloMobileTests.xctest */;
			productType = "com.apple.product-type.bundle.unit-test";
		};
		FEF2EC1E2DC2DBF4005CC1D4 /* YoloMobileUITests */ = {
			isa = PBXNativeTarget;
			buildConfigurationList = FEF2EC2F2DC2DBF4005CC1D4 /* Build configuration list for PBXNativeTarget "YoloMobileUITests" */;
			buildPhases = (
				FEF2EC1B2DC2DBF4005CC1D4 /* Sources */,
				FEF2EC1C2DC2DBF4005CC1D4 /* Frameworks */,
				FEF2EC1D2DC2DBF4005CC1D4 /* Resources */,
			);
			buildRules = (
			);
			dependencies = (
				FEF2EC212DC2DBF4005CC1D4 /* PBXTargetDependency */,
			);
			name = YoloMobileUITests;
			productName = YoloMobileUITests;
			productReference = FEF2EC1F2DC2DBF4005CC1D4 /* YoloMobileUITests.xctest */;
			productType = "com.apple.product-type.bundle.ui-testing";
		};
/* End PBXNativeTarget section */

/* Begin PBXProject section */
		FEF2EBF72DC2DBF2005CC1D4 /* Project object */ = {
			isa = PBXProject;
			attributes = {
				BuildIndependentTargetsInParallel = 1;
				LastSwiftUpdateCheck = 1540;
				LastUpgradeCheck = 1540;
				TargetAttributes = {
					FEF2EBFE2DC2DBF2005CC1D4 = {
						CreatedOnToolsVersion = 15.4;
					};
					FEF2EC142DC2DBF4005CC1D4 = {
						CreatedOnToolsVersion = 15.4;
						TestTargetID = FEF2EBFE2DC2DBF2005CC1D4;
					};
					FEF2EC1E2DC2DBF4005CC1D4 = {
						CreatedOnToolsVersion = 15.4;
						TestTargetID = FEF2EBFE2DC2DBF2005CC1D4;
					};
				};
			};
			buildConfigurationList = FEF2EBFA2DC2DBF2005CC1D4 /* Build configuration list for PBXProject "YoloMobile" */;
			compatibilityVersion = "Xcode 14.0";
			developmentRegion = en;
			hasScannedForEncodings = 0;
			knownRegions = (
				en,
				Base,
			);
			mainGroup = FEF2EBF62DC2DBF2005CC1D4;
			productRefGroup = FEF2EC002DC2DBF2005CC1D4 /* Products */;
			projectDirPath = "";
			projectRoot = "";
			targets = (
				FEF2EBFE2DC2DBF2005CC1D4 /* YoloMobile */,
				FEF2EC142DC2DBF4005CC1D4 /* YoloMobileTests */,
				FEF2EC1E2DC2DBF4005CC1D4 /* YoloMobileUITests */,
			);
		};
/* End PBXProject section */

/* Begin PBXResourcesBuildPhase section */
		FEF2EBFD2DC2DBF2005CC1D4 /* Resources */ = {
			isa = PBXResourcesBuildPhase;
			buildActionMask = 2147483647;
			files = (
				FEF2EC0C2DC2DBF4005CC1D4 /* Assets.xcassets in Resources */,
				FEF2EC0F2DC2DBF4005CC1D4 /* Base in Resources */,
				FEF2EC0A2DC2DBF2005CC1D4 /* Base in Resources */,
			);
			runOnlyForDeploymentPostprocessing = 0;
		};
		FEF2EC132DC2DBF4005CC1D4 /* Resources */ = {
			isa = PBXResourcesBuildPhase;
			buildActionMask = 2147483647;
			files = (
			);
			runOnlyForDeploymentPostprocessing = 0;
		};
		FEF2EC1D2DC2DBF4005CC1D4 /* Resources */ = {
			isa = PBXResourcesBuildPhase;
			buildActionMask = 2147483647;
			files = (
			);
			runOnlyForDeploymentPostprocessing = 0;
		};
/* End PBXResourcesBuildPhase section */

/* Begin PBXSourcesBuildPhase section */
		FEF2EBFB2DC2DBF2005CC1D4 /* Sources */ = {
			isa = PBXSourcesBuildPhase;
			buildActionMask = 2147483647;
			files = (
				FEF2EC072DC2DBF2005CC1D4 /* ViewController.swift in Sources */,
				FEF2EC032DC2DBF2005CC1D4 /* AppDelegate.swift in Sources */,
				FEF2EC052DC2DBF2005CC1D4 /* SceneDelegate.swift in Sources */,
			);
			runOnlyForDeploymentPostprocessing = 0;
		};
		FEF2EC112DC2DBF4005CC1D4 /* Sources */ = {
			isa = PBXSourcesBuildPhase;
			buildActionMask = 2147483647;
			files = (
				FEF2EC1A2DC2DBF4005CC1D4 /* YoloMobileTests.swift in Sources */,
			);
			runOnlyForDeploymentPostprocessing = 0;
		};
		FEF2EC1B2DC2DBF4005CC1D4 /* Sources */ = {
			isa = PBXSourcesBuildPhase;
			buildActionMask = 2147483647;
			files = (
				FEF2EC242DC2DBF4005CC1D4 /* YoloMobileUITests.swift in Sources */,
				FEF2EC262DC2DBF4005CC1D4 /* YoloMobileUITestsLaunchTests.swift in Sources */,
			);
			runOnlyForDeploymentPostprocessing = 0;
		};
/* End PBXSourcesBuildPhase section */

/* Begin PBXTargetDependency section */
		FEF2EC172DC2DBF4005CC1D4 /* PBXTargetDependency */ = {
			isa = PBXTargetDependency;
			target = FEF2EBFE2DC2DBF2005CC1D4 /* YoloMobile */;
			targetProxy = FEF2EC162DC2DBF4005CC1D4 /* PBXContainerItemProxy */;
		};
		FEF2EC212DC2DBF4005CC1D4 /* PBXTargetDependency */ = {
			isa = PBXTargetDependency;
			target = FEF2EBFE2DC2DBF2005CC1D4 /* YoloMobile */;
			targetProxy = FEF2EC202DC2DBF4005CC1D4 /* PBXContainerItemProxy */;
		};
/* End PBXTargetDependency section */

/* Begin PBXVariantGroup section */
		FEF2EC082DC2DBF2005CC1D4 /* Main.storyboard */ = {
			isa = PBXVariantGroup;
			children = (
				FEF2EC092DC2DBF2005CC1D4 /* Base */,
			);
			name = Main.storyboard;
			sourceTree = "<group>";
		};
		FEF2EC0D2DC2DBF4005CC1D4 /* LaunchScreen.storyboard */ = {
			isa = PBXVariantGroup;
			children = (
				FEF2EC0E2DC2DBF4005CC1D4 /* Base */,
			);
			name = LaunchScreen.storyboard;
			sourceTree = "<group>";
		};
/* End PBXVariantGroup section */

/* Begin XCBuildConfiguration section */
		FEF2EC272DC2DBF4005CC1D4 /* Debug */ = {
			isa = XCBuildConfiguration;
			buildSettings = {
				ALWAYS_SEARCH_USER_PATHS = NO;
				ASSETCATALOG_COMPILER_GENERATE_SWIFT_ASSET_SYMBOL_EXTENSIONS = YES;
				CLANG_ANALYZER_NONNULL = YES;
				CLANG_ANALYZER_NUMBER_OBJECT_CONVERSION = YES_AGGRESSIVE;
				CLANG_CXX_LANGUAGE_STANDARD = "gnu++20";
				CLANG_ENABLE_MODULES = YES;
				CLANG_ENABLE_OBJC_ARC = YES;
				CLANG_ENABLE_OBJC_WEAK = YES;
				CLANG_WARN_BLOCK_CAPTURE_AUTORELEASING = YES;
				CLANG_WARN_BOOL_CONVERSION = YES;
				CLANG_WARN_COMMA = YES;
				CLANG_WARN_CONSTANT_CONVERSION = YES;
				CLANG_WARN_DEPRECATED_OBJC_IMPLEMENTATIONS = YES;
				CLANG_WARN_DIRECT_OBJC_ISA_USAGE = YES_ERROR;
				CLANG_WARN_DOCUMENTATION_COMMENTS = YES;
				CLANG_WARN_EMPTY_BODY = YES;
				CLANG_WARN_ENUM_CONVERSION = YES;
				CLANG_WARN_INFINITE_RECURSION = YES;
				CLANG_WARN_INT_CONVERSION = YES;
				CLANG_WARN_NON_LITERAL_NULL_CONVERSION = YES;
				CLANG_WARN_OBJC_IMPLICIT_RETAIN_SELF = YES;
				CLANG_WARN_OBJC_LITERAL_CONVERSION = YES;
				CLANG_WARN_OBJC_ROOT_CLASS = YES_ERROR;
				CLANG_WARN_QUOTED_INCLUDE_IN_FRAMEWORK_HEADER = YES;
				CLANG_WARN_RANGE_LOOP_ANALYSIS = YES;
				CLANG_WARN_STRICT_PROTOTYPES = YES;
				CLANG_WARN_SUSPICIOUS_MOVE = YES;
				CLANG_WARN_UNGUARDED_AVAILABILITY = YES_AGGRESSIVE;
				CLANG_WARN_UNREACHABLE_CODE = YES;
				CLANG_WARN__DUPLICATE_METHOD_MATCH = YES;
				COPY_PHASE_STRIP = NO;
				DEBUG_INFORMATION_FORMAT = dwarf;
				ENABLE_STRICT_OBJC_MSGSEND = YES;
				ENABLE_TESTABILITY = YES;
				ENABLE_USER_SCRIPT_SANDBOXING = YES;
				GCC_C_LANGUAGE_STANDARD = gnu17;
				GCC_DYNAMIC_NO_PIC = NO;
				GCC_NO_COMMON_BLOCKS = YES;
				GCC_OPTIMIZATION_LEVEL = 0;
				GCC_PREPROCESSOR_DEFINITIONS = (
					"DEBUG=1",
					"$(inherited)",
				);
				GCC_WARN_64_TO_32_BIT_CONVERSION = YES;
				GCC_WARN_ABOUT_RETURN_TYPE = YES_ERROR;
				GCC_WARN_UNDECLARED_SELECTOR = YES;
				GCC_WARN_UNINITIALIZED_AUTOS = YES_AGGRESSIVE;
				GCC_WARN_UNUSED_FUNCTION = YES;
				GCC_WARN_UNUSED_VARIABLE = YES;
				IPHONEOS_DEPLOYMENT_TARGET = 17.5;
				LOCALIZATION_PREFERS_STRING_CATALOGS = YES;
				MTL_ENABLE_DEBUG_INFO = INCLUDE_SOURCE;
				MTL_FAST_MATH = YES;
				ONLY_ACTIVE_ARCH = YES;
				SDKROOT = iphoneos;
				SWIFT_ACTIVE_COMPILATION_CONDITIONS = "DEBUG $(inherited)";
				SWIFT_OPTIMIZATION_LEVEL = "-Onone";
			};
			name = Debug;
		};
		FEF2EC282DC2DBF4005CC1D4 /* Release */ = {
			isa = XCBuildConfiguration;
			buildSettings = {
				ALWAYS_SEARCH_USER_PATHS = NO;
				ASSETCATALOG_COMPILER_GENERATE_SWIFT_ASSET_SYMBOL_EXTENSIONS = YES;
				CLANG_ANALYZER_NONNULL = YES;
				CLANG_ANALYZER_NUMBER_OBJECT_CONVERSION = YES_AGGRESSIVE;
				CLANG_CXX_LANGUAGE_STANDARD = "gnu++20";
				CLANG_ENABLE_MODULES = YES;
				CLANG_ENABLE_OBJC_ARC = YES;
				CLANG_ENABLE_OBJC_WEAK = YES;
				CLANG_WARN_BLOCK_CAPTURE_AUTORELEASING = YES;
				CLANG_WARN_BOOL_CONVERSION = YES;
				CLANG_WARN_COMMA = YES;
				CLANG_WARN_CONSTANT_CONVERSION = YES;
				CLANG_WARN_DEPRECATED_OBJC_IMPLEMENTATIONS = YES;
				CLANG_WARN_DIRECT_OBJC_ISA_USAGE = YES_ERROR;
				CLANG_WARN_DOCUMENTATION_COMMENTS = YES;
				CLANG_WARN_EMPTY_BODY = YES;
				CLANG_WARN_ENUM_CONVERSION = YES;
				CLANG_WARN_INFINITE_RECURSION = YES;
				CLANG_WARN_INT_CONVERSION = YES;
				CLANG_WARN_NON_LITERAL_NULL_CONVERSION = YES;
				CLANG_WARN_OBJC_IMPLICIT_RETAIN_SELF = YES;
				CLANG_WARN_OBJC_LITERAL_CONVERSION = YES;
				CLANG_WARN_OBJC_ROOT_CLASS = YES_ERROR;
				CLANG_WARN_QUOTED_INCLUDE_IN_FRAMEWORK_HEADER = YES;
				CLANG_WARN_RANGE_LOOP_ANALYSIS = YES;
				CLANG_WARN_STRICT_PROTOTYPES = YES;
				CLANG_WARN_SUSPICIOUS_MOVE = YES;
				CLANG_WARN_UNGUARDED_AVAILABILITY = YES_AGGRESSIVE;
				CLANG_WARN_UNREACHABLE_CODE = YES;
				CLANG_WARN__DUPLICATE_METHOD_MATCH = YES;
				COPY_PHASE_STRIP = NO;
				DEBUG_INFORMATION_FORMAT = "dwarf-with-dsym";
				ENABLE_NS_ASSERTIONS = NO;
				ENABLE_STRICT_OBJC_MSGSEND = YES;
				ENABLE_USER_SCRIPT_SANDBOXING = YES;
				GCC_C_LANGUAGE_STANDARD = gnu17;
				GCC_NO_COMMON_BLOCKS = YES;
				GCC_WARN_64_TO_32_BIT_CONVERSION = YES;
				GCC_WARN_ABOUT_RETURN_TYPE = YES_ERROR;
				GCC_WARN_UNDECLARED_SELECTOR = YES;
				GCC_WARN_UNINITIALIZED_AUTOS = YES_AGGRESSIVE;
				GCC_WARN_UNUSED_FUNCTION = YES;
				GCC_WARN_UNUSED_VARIABLE = YES;
				IPHONEOS_DEPLOYMENT_TARGET = 17.5;
				LOCALIZATION_PREFERS_STRING_CATALOGS = YES;
				MTL_ENABLE_DEBUG_INFO = NO;
				MTL_FAST_MATH = YES;
				SDKROOT = iphoneos;
				SWIFT_COMPILATION_MODE = wholemodule;
				VALIDATE_PRODUCT = YES;
			};
			name = Release;
		};
		FEF2EC2A2DC2DBF4005CC1D4 /* Debug */ = {
			isa = XCBuildConfiguration;
			buildSettings = {
				ASSETCATALOG_COMPILER_APPICON_NAME = AppIcon;
				ASSETCATALOG_COMPILER_GLOBAL_ACCENT_COLOR_NAME = AccentColor;
				CODE_SIGN_STYLE = Automatic;
				CURRENT_PROJECT_VERSION = 1;
				DEVELOPMENT_TEAM = 8H7C74GB59;
				GENERATE_INFOPLIST_FILE = YES;
				INFOPLIST_FILE = YoloMobile/Info.plist;
				INFOPLIST_KEY_UIApplicationSupportsIndirectInputEvents = YES;
				INFOPLIST_KEY_UILaunchStoryboardName = LaunchScreen;
				INFOPLIST_KEY_UIMainStoryboardFile = Main;
				INFOPLIST_KEY_UISupportedInterfaceOrientations_iPad = "UIInterfaceOrientationPortrait UIInterfaceOrientationPortraitUpsideDown UIInterfaceOrientationLandscapeLeft UIInterfaceOrientationLandscapeRight";
				INFOPLIST_KEY_UISupportedInterfaceOrientations_iPhone = "UIInterfaceOrientationPortrait UIInterfaceOrientationLandscapeLeft UIInterfaceOrientationLandscapeRight";
				LD_RUNPATH_SEARCH_PATHS = (
					"$(inherited)",
					"@executable_path/Frameworks",
				);
				MARKETING_VERSION = 1.0;
				PRODUCT_BUNDLE_IDENTIFIER = CSE562.YoloMobile;
				PRODUCT_NAME = "$(TARGET_NAME)";
				SWIFT_EMIT_LOC_STRINGS = YES;
				SWIFT_VERSION = 5.0;
				TARGETED_DEVICE_FAMILY = "1,2";
			};
			name = Debug;
		};
		FEF2EC2B2DC2DBF4005CC1D4 /* Release */ = {
			isa = XCBuildConfiguration;
			buildSettings = {
				ASSETCATALOG_COMPILER_APPICON_NAME = AppIcon;
				ASSETCATALOG_COMPILER_GLOBAL_ACCENT_COLOR_NAME = AccentColor;
				CODE_SIGN_STYLE = Automatic;
				CURRENT_PROJECT_VERSION = 1;
				DEVELOPMENT_TEAM = 8H7C74GB59;
				GENERATE_INFOPLIST_FILE = YES;
				INFOPLIST_FILE = YoloMobile/Info.plist;
				INFOPLIST_KEY_UIApplicationSupportsIndirectInputEvents = YES;
				INFOPLIST_KEY_UILaunchStoryboardName = LaunchScreen;
				INFOPLIST_KEY_UIMainStoryboardFile = Main;
				INFOPLIST_KEY_UISupportedInterfaceOrientations_iPad = "UIInterfaceOrientationPortrait UIInterfaceOrientationPortraitUpsideDown UIInterfaceOrientationLandscapeLeft UIInterfaceOrientationLandscapeRight";
				INFOPLIST_KEY_UISupportedInterfaceOrientations_iPhone = "UIInterfaceOrientationPortrait UIInterfaceOrientationLandscapeLeft UIInterfaceOrientationLandscapeRight";
				LD_RUNPATH_SEARCH_PATHS = (
					"$(inherited)",
					"@executable_path/Frameworks",
				);
				MARKETING_VERSION = 1.0;
				PRODUCT_BUNDLE_IDENTIFIER = CSE562.YoloMobile;
				PRODUCT_NAME = "$(TARGET_NAME)";
				SWIFT_EMIT_LOC_STRINGS = YES;
				SWIFT_VERSION = 5.0;
				TARGETED_DEVICE_FAMILY = "1,2";
			};
			name = Release;
		};
		FEF2EC2D2DC2DBF4005CC1D4 /* Debug */ = {
			isa = XCBuildConfiguration;
			buildSettings = {
				ALWAYS_EMBED_SWIFT_STANDARD_LIBRARIES = YES;
				BUNDLE_LOADER = "$(TEST_HOST)";
				CODE_SIGN_STYLE = Automatic;
				CURRENT_PROJECT_VERSION = 1;
				DEVELOPMENT_TEAM = 8H7C74GB59;
				GENERATE_INFOPLIST_FILE = YES;
				IPHONEOS_DEPLOYMENT_TARGET = 17.5;
				MARKETING_VERSION = 1.0;
				PRODUCT_BUNDLE_IDENTIFIER = CSE562.YoloMobileTests;
				PRODUCT_NAME = "$(TARGET_NAME)";
				SWIFT_EMIT_LOC_STRINGS = NO;
				SWIFT_VERSION = 5.0;
				TARGETED_DEVICE_FAMILY = "1,2";
				TEST_HOST = "$(BUILT_PRODUCTS_DIR)/YoloMobile.app/$(BUNDLE_EXECUTABLE_FOLDER_PATH)/YoloMobile";
			};
			name = Debug;
		};
		FEF2EC2E2DC2DBF4005CC1D4 /* Release */ = {
			isa = XCBuildConfiguration;
			buildSettings = {
				ALWAYS_EMBED_SWIFT_STANDARD_LIBRARIES = YES;
				BUNDLE_LOADER = "$(TEST_HOST)";
				CODE_SIGN_STYLE = Automatic;
				CURRENT_PROJECT_VERSION = 1;
				DEVELOPMENT_TEAM = 8H7C74GB59;
				GENERATE_INFOPLIST_FILE = YES;
				IPHONEOS_DEPLOYMENT_TARGET = 17.5;
				MARKETING_VERSION = 1.0;
				PRODUCT_BUNDLE_IDENTIFIER = CSE562.YoloMobileTests;
				PRODUCT_NAME = "$(TARGET_NAME)";
				SWIFT_EMIT_LOC_STRINGS = NO;
				SWIFT_VERSION = 5.0;
				TARGETED_DEVICE_FAMILY = "1,2";
				TEST_HOST = "$(BUILT_PRODUCTS_DIR)/YoloMobile.app/$(BUNDLE_EXECUTABLE_FOLDER_PATH)/YoloMobile";
			};
			name = Release;
		};
		FEF2EC302DC2DBF4005CC1D4 /* Debug */ = {
			isa = XCBuildConfiguration;
			buildSettings = {
				ALWAYS_EMBED_SWIFT_STANDARD_LIBRARIES = YES;
				CODE_SIGN_STYLE = Automatic;
				CURRENT_PROJECT_VERSION = 1;
				DEVELOPMENT_TEAM = 8H7C74GB59;
				GENERATE_INFOPLIST_FILE = YES;
				MARKETING_VERSION = 1.0;
				PRODUCT_BUNDLE_IDENTIFIER = CSE562.YoloMobileUITests;
				PRODUCT_NAME = "$(TARGET_NAME)";
				SWIFT_EMIT_LOC_STRINGS = NO;
				SWIFT_VERSION = 5.0;
				TARGETED_DEVICE_FAMILY = "1,2";
				TEST_TARGET_NAME = YoloMobile;
			};
			name = Debug;
		};
		FEF2EC312DC2DBF4005CC1D4 /* Release */ = {
			isa = XCBuildConfiguration;
			buildSettings = {
				ALWAYS_EMBED_SWIFT_STANDARD_LIBRARIES = YES;
				CODE_SIGN_STYLE = Automatic;
				CURRENT_PROJECT_VERSION = 1;
				DEVELOPMENT_TEAM = 8H7C74GB59;
				GENERATE_INFOPLIST_FILE = YES;
				MARKETING_VERSION = 1.0;
				PRODUCT_BUNDLE_IDENTIFIER = CSE562.YoloMobileUITests;
				PRODUCT_NAME = "$(TARGET_NAME)";
				SWIFT_EMIT_LOC_STRINGS = NO;
				SWIFT_VERSION = 5.0;
				TARGETED_DEVICE_FAMILY = "1,2";
				TEST_TARGET_NAME = YoloMobile;
			};
			name = Release;
		};
/* End XCBuildConfiguration section */

/* Begin XCConfigurationList section */
		FEF2EBFA2DC2DBF2005CC1D4 /* Build configuration list for PBXProject "YoloMobile" */ = {
			isa = XCConfigurationList;
			buildConfigurations = (
				FEF2EC272DC2DBF4005CC1D4 /* Debug */,
				FEF2EC282DC2DBF4005CC1D4 /* Release */,
			);
			defaultConfigurationIsVisible = 0;
			defaultConfigurationName = Release;
		};
		FEF2EC292DC2DBF4005CC1D4 /* Build configuration list for PBXNativeTarget "YoloMobile" */ = {
			isa = XCConfigurationList;
			buildConfigurations = (
				FEF2EC2A2DC2DBF4005CC1D4 /* Debug */,
				FEF2EC2B2DC2DBF4005CC1D4 /* Release */,
			);
			defaultConfigurationIsVisible = 0;
			defaultConfigurationName = Release;
		};
		FEF2EC2C2DC2DBF4005CC1D4 /* Build configuration list for PBXNativeTarget "YoloMobileTests" */ = {
			isa = XCConfigurationList;
			buildConfigurations = (
				FEF2EC2D2DC2DBF4005CC1D4 /* Debug */,
				FEF2EC2E2DC2DBF4005CC1D4 /* Release */,
			);
			defaultConfigurationIsVisible = 0;
			defaultConfigurationName = Release;
		};
		FEF2EC2F2DC2DBF4005CC1D4 /* Build configuration list for PBXNativeTarget "YoloMobileUITests" */ = {
			isa = XCConfigurationList;
			buildConfigurations = (
				FEF2EC302DC2DBF4005CC1D4 /* Debug */,
				FEF2EC312DC2DBF4005CC1D4 /* Release */,
			);
			defaultConfigurationIsVisible = 0;
			defaultConfigurationName = Release;
		};
/* End XCConfigurationList section */
	};
	rootObject = FEF2EBF72DC2DBF2005CC1D4 /* Project object */;
}
